
Microsoft Visual Studio Solution File, Format Version 12.00
# Visual Studio Version 17
VisualStudioVersion = 17.10.35122.118
MinimumVisualStudioVersion = 10.0.40219.1
Project("{FAE04EC0-301F-11D3-BF4B-00C04F79EFBC}") = "NewsAggregation", "NewsAggregation\NewsAggregation.csproj", "{2BB719BB-E092-4DDC-8AA6-85562007C933}"
EndProject
Global
	GlobalSection(SolutionConfigurationPlatforms) = preSolution
		Debug|Any CPU = Debug|Any CPU
		Release|Any CPU = Release|Any CPU
	EndGlobalSection
	GlobalSection(ProjectConfigurationPlatforms) = postSolution
		{2BB719BB-E092-4DDC-8AA6-85562007C933}.Debug|Any CPU.ActiveCfg = Debug|Any CPU
		{2BB719BB-E092-4DDC-8AA6-85562007C933}.Debug|Any CPU.Build.0 = Debug|Any CPU
		{2BB719BB-E092-4DDC-8AA6-85562007C933}.Release|Any CPU.ActiveCfg = Release|Any CPU
		{2BB719BB-E092-4DDC-8AA6-85562007C933}.Release|Any CPU.Build.0 = Release|Any CPU
	EndGlobalSection
	GlobalSection(SolutionProperties) = preSolution
		HideSolutionNode = FALSE
	EndGlobalSection
	GlobalSection(ExtensibilityGlobals) = postSolution
		SolutionGuid = {009E3A07-D343-4A19-B31E-45FF9F4AD6A1}
	EndGlobalSection
EndGlobal
